
Microsoft Visual Studio Solution File, Format Version 12.00
# Visual Studio Version 16
VisualStudioVersion = 16.0.30204.135
MinimumVisualStudioVersion = 10.0.40219.1
Project("{FAE04EC0-301F-11D3-BF4B-00C04F79EFBC}") = "BMI1", "BMI1\BMI1.csproj", "{F8F5CEDA-D846-4BB4-B984-1EAD6874AF6B}"
EndProject
Global
	GlobalSection(SolutionConfigurationPlatforms) = preSolution
		Debug|Any CPU = Debug|Any CPU
		Release|Any CPU = Release|Any CPU
	EndGlobalSection
	GlobalSection(ProjectConfigurationPlatforms) = postSolution
		{F8F5CEDA-D846-4BB4-B984-1EAD6874AF6B}.Debug|Any CPU.ActiveCfg = Debug|Any CPU
		{F8F5CEDA-D846-4BB4-B984-1EAD6874AF6B}.Debug|Any CPU.Build.0 = Debug|Any CPU
		{F8F5CEDA-D846-4BB4-B984-1EAD6874AF6B}.Release|Any CPU.ActiveCfg = Release|Any CPU
		{F8F5CEDA-D846-4BB4-B984-1EAD6874AF6B}.Release|Any CPU.Build.0 = Release|Any CPU
	EndGlobalSection
	GlobalSection(SolutionProperties) = preSolution
		HideSolutionNode = FALSE
	EndGlobalSection
	GlobalSection(ExtensibilityGlobals) = postSolution
		SolutionGuid = {73A3FD0A-1A67-49BE-A3FC-E3104153D840}
	EndGlobalSection
EndGlobal
